
Microsoft Visual Studio Solution File, Format Version 12.00
# Visual Studio Version 17
VisualStudioVersion = 17.4.33213.308
MinimumVisualStudioVersion = 10.0.40219.1
Project("{FAE04EC0-301F-11D3-BF4B-00C04F79EFBC}") = "CryptoO", "CryptoO.csproj", "{9ED8296F-C0D0-4200-A9E4-7C92B967CA41}"
EndProject
Global
	GlobalSection(SolutionConfigurationPlatforms) = preSolution
		Debug|Any CPU = Debug|Any CPU
		Release|Any CPU = Release|Any CPU
	EndGlobalSection
	GlobalSection(ProjectConfigurationPlatforms) = postSolution
		{9ED8296F-C0D0-4200-A9E4-7C92B967CA41}.Debug|Any CPU.ActiveCfg = Debug|Any CPU
		{9ED8296F-C0D0-4200-A9E4-7C92B967CA41}.Debug|Any CPU.Build.0 = Debug|Any CPU
		{9ED8296F-C0D0-4200-A9E4-7C92B967CA41}.Release|Any CPU.ActiveCfg = Release|Any CPU
		{9ED8296F-C0D0-4200-A9E4-7C92B967CA41}.Release|Any CPU.Build.0 = Release|Any CPU
	EndGlobalSection
	GlobalSection(SolutionProperties) = preSolution
		HideSolutionNode = FALSE
	EndGlobalSection
	GlobalSection(ExtensibilityGlobals) = postSolution
		SolutionGuid = {829EF450-DDCE-4B41-BC36-4150D8D7189B}
	EndGlobalSection
EndGlobal
